
Microsoft Visual Studio Solution File, Format Version 12.00
# Visual Studio Version 16
VisualStudioVersion = 16.0.30011.22
MinimumVisualStudioVersion = 10.0.40219.1
Project("{9A19103F-16F7-4668-BE54-9A1E7A4F7556}") = "TaskManager.Db", "TaskManager.Db\TaskManager.Db.csproj", "{47D625E7-D72C-46C9-855A-A37126BF73BF}"
EndProject
Project("{9A19103F-16F7-4668-BE54-9A1E7A4F7556}") = "TaskManager.Db.Tests", "TaskManager.Db.Tests\TaskManager.Db.Tests.csproj", "{ED58585D-7DB8-4C20-910F-1185EDA30A3E}"
EndProject
Project("{9A19103F-16F7-4668-BE54-9A1E7A4F7556}") = "TaskManagerAPI", "TaskManagerAPI\TaskManagerAPI.csproj", "{B8D0FEAD-B52A-4CFD-AD75-6E224241CDE1}"
EndProject
Project("{9A19103F-16F7-4668-BE54-9A1E7A4F7556}") = "TaskManager.ViewModel", "TaskManager.ViewModel\TaskManager.ViewModel.csproj", "{82E3D471-3E94-49D6-9560-0313A4AF7031}"
EndProject
Project("{9A19103F-16F7-4668-BE54-9A1E7A4F7556}") = "TaskManager.Common", "TaskManager.Common\TaskManager.Common.csproj", "{044450DD-C314-4FB5-A6F8-7DA7190EA32F}"
EndProject
Project("{9A19103F-16F7-4668-BE54-9A1E7A4F7556}") = "TaskManager.Core", "TaskManager.Core\TaskManager.Core.csproj", "{74C5EEEE-48DB-47AB-90DB-F5011DE10E7C}"
EndProject
Global
	GlobalSection(SolutionConfigurationPlatforms) = preSolution
		Debug|Any CPU = Debug|Any CPU
		Release|Any CPU = Release|Any CPU
	EndGlobalSection
	GlobalSection(ProjectConfigurationPlatforms) = postSolution
		{47D625E7-D72C-46C9-855A-A37126BF73BF}.Debug|Any CPU.ActiveCfg = Debug|Any CPU
		{47D625E7-D72C-46C9-855A-A37126BF73BF}.Debug|Any CPU.Build.0 = Debug|Any CPU
		{47D625E7-D72C-46C9-855A-A37126BF73BF}.Release|Any CPU.ActiveCfg = Release|Any CPU
		{47D625E7-D72C-46C9-855A-A37126BF73BF}.Release|Any CPU.Build.0 = Release|Any CPU
		{ED58585D-7DB8-4C20-910F-1185EDA30A3E}.Debug|Any CPU.ActiveCfg = Debug|Any CPU
		{ED58585D-7DB8-4C20-910F-1185EDA30A3E}.Debug|Any CPU.Build.0 = Debug|Any CPU
		{ED58585D-7DB8-4C20-910F-1185EDA30A3E}.Release|Any CPU.ActiveCfg = Release|Any CPU
		{ED58585D-7DB8-4C20-910F-1185EDA30A3E}.Release|Any CPU.Build.0 = Release|Any CPU
		{B8D0FEAD-B52A-4CFD-AD75-6E224241CDE1}.Debug|Any CPU.ActiveCfg = Debug|Any CPU
		{B8D0FEAD-B52A-4CFD-AD75-6E224241CDE1}.Debug|Any CPU.Build.0 = Debug|Any CPU
		{B8D0FEAD-B52A-4CFD-AD75-6E224241CDE1}.Release|Any CPU.ActiveCfg = Release|Any CPU
		{B8D0FEAD-B52A-4CFD-AD75-6E224241CDE1}.Release|Any CPU.Build.0 = Release|Any CPU
		{82E3D471-3E94-49D6-9560-0313A4AF7031}.Debug|Any CPU.ActiveCfg = Debug|Any CPU
		{82E3D471-3E94-49D6-9560-0313A4AF7031}.Debug|Any CPU.Build.0 = Debug|Any CPU
		{82E3D471-3E94-49D6-9560-0313A4AF7031}.Release|Any CPU.ActiveCfg = Release|Any CPU
		{82E3D471-3E94-49D6-9560-0313A4AF7031}.Release|Any CPU.Build.0 = Release|Any CPU
		{044450DD-C314-4FB5-A6F8-7DA7190EA32F}.Debug|Any CPU.ActiveCfg = Debug|Any CPU
		{044450DD-C314-4FB5-A6F8-7DA7190EA32F}.Debug|Any CPU.Build.0 = Debug|Any CPU
		{044450DD-C314-4FB5-A6F8-7DA7190EA32F}.Release|Any CPU.ActiveCfg = Release|Any CPU
		{044450DD-C314-4FB5-A6F8-7DA7190EA32F}.Release|Any CPU.Build.0 = Release|Any CPU
		{74C5EEEE-48DB-47AB-90DB-F5011DE10E7C}.Debug|Any CPU.ActiveCfg = Debug|Any CPU
		{74C5EEEE-48DB-47AB-90DB-F5011DE10E7C}.Debug|Any CPU.Build.0 = Debug|Any CPU
		{74C5EEEE-48DB-47AB-90DB-F5011DE10E7C}.Release|Any CPU.ActiveCfg = Release|Any CPU
		{74C5EEEE-48DB-47AB-90DB-F5011DE10E7C}.Release|Any CPU.Build.0 = Release|Any CPU
	EndGlobalSection
	GlobalSection(SolutionProperties) = preSolution
		HideSolutionNode = FALSE
	EndGlobalSection
	GlobalSection(ExtensibilityGlobals) = postSolution
		SolutionGuid = {C5F6624B-A57B-4B4D-BB30-CDDD687907FD}
	EndGlobalSection
EndGlobal
